// !$*UTF8*$!
{
	archiveVersion = 1;
	classes = {
	};
	objectVersion = 46;
	objects = {

/* Begin PBXBuildFile section */
		EAB3CFEB19FCD29100FC0234 /* AppDelegate.swift in Sources */ = {isa = PBXBuildFile; fileRef = EAB3CFEA19FCD29100FC0234 /* AppDelegate.swift */; };
		EAB3CFED19FCD29100FC0234 /* ViewController.swift in Sources */ = {isa = PBXBuildFile; fileRef = EAB3CFEC19FCD29100FC0234 /* ViewController.swift */; };
		EAB3CFF019FCD29100FC0234 /* Main.storyboard in Resources */ = {isa = PBXBuildFile; fileRef = EAB3CFEE19FCD29100FC0234 /* Main.storyboard */; };
		EAB3CFF219FCD29100FC0234 /* Images.xcassets in Resources */ = {isa = PBXBuildFile; fileRef = EAB3CFF119FCD29100FC0234 /* Images.xcassets */; };
		EAB3CFF519FCD29100FC0234 /* LaunchScreen.xib in Resources */ = {isa = PBXBuildFile; fileRef = EAB3CFF319FCD29100FC0234 /* LaunchScreen.xib */; };
		EAB3D00119FCD29100FC0234 /* PostcardTests.swift in Sources */ = {isa = PBXBuildFile; fileRef = EAB3D00019FCD29100FC0234 /* PostcardTests.swift */; };
/* End PBXBuildFile section */

/* Begin PBXContainerItemProxy section */
		EAB3CFFB19FCD29100FC0234 /* PBXContainerItemProxy */ = {
			isa = PBXContainerItemProxy;
			containerPortal = EAB3CFDD19FCD29100FC0234 /* Project object */;
			proxyType = 1;
			remoteGlobalIDString = EAB3CFE419FCD29100FC0234;
			remoteInfo = Postcard;
		};
/* End PBXContainerItemProxy section */

/* Begin PBXFileReference section */
		EAB3CFE519FCD29100FC0234 /* Postcard.app */ = {isa = PBXFileReference; explicitFileType = wrapper.application; includeInIndex = 0; path = Postcard.app; sourceTree = BUILT_PRODUCTS_DIR; };
		EAB3CFE919FCD29100FC0234 /* Info.plist */ = {isa = PBXFileReference; lastKnownFileType = text.plist.xml; path = Info.plist; sourceTree = "<group>"; };
		EAB3CFEA19FCD29100FC0234 /* AppDelegate.swift */ = {isa = PBXFileReference; lastKnownFileType = sourcecode.swift; path = AppDelegate.swift; sourceTree = "<group>"; };
		EAB3CFEC19FCD29100FC0234 /* ViewController.swift */ = {isa = PBXFileReference; lastKnownFileType = sourcecode.swift; path = ViewController.swift; sourceTree = "<group>"; };
		EAB3CFEF19FCD29100FC0234 /* Base */ = {isa = PBXFileReference; lastKnownFileType = file.storyboard; name = Base; path = Base.lproj/Main.storyboard; sourceTree = "<group>"; };
		EAB3CFF119FCD29100FC0234 /* Images.xcassets */ = {isa = PBXFileReference; lastKnownFileType = folder.assetcatalog; path = Images.xcassets; sourceTree = "<group>"; };
		EAB3CFF419FCD29100FC0234 /* Base */ = {isa = PBXFileReference; lastKnownFileType = file.xib; name = Base; path = Base.lproj/LaunchScreen.xib; sourceTree = "<group>"; };
		EAB3CFFA19FCD29100FC0234 /* PostcardTests.xctest */ = {isa = PBXFileReference; explicitFileType = wrapper.cfbundle; includeInIndex = 0; path = PostcardTests.xctest; sourceTree = BUILT_PRODUCTS_DIR; };
		EAB3CFFF19FCD29100FC0234 /* Info.plist */ = {isa = PBXFileReference; lastKnownFileType = text.plist.xml; path = Info.plist; sourceTree = "<group>"; };
		EAB3D00019FCD29100FC0234 /* PostcardTests.swift */ = {isa = PBXFileReference; lastKnownFileType = sourcecode.swift; path = PostcardTests.swift; sourceTree = "<group>"; };
/* End PBXFileReference section */

/* Begin PBXFrameworksBuildPhase section */
		EAB3CFE219FCD29100FC0234 /* Frameworks */ = {
			isa = PBXFrameworksBuildPhase;
			buildActionMask = 2147483647;
			files = (
			);
			runOnlyForDeploymentPostprocessing = 0;
		};
		EAB3CFF719FCD29100FC0234 /* Frameworks */ = {
			isa = PBXFrameworksBuildPhase;
			buildActionMask = 2147483647;
			files = (
			);
			runOnlyForDeploymentPostprocessing = 0;
		};
/* End PBXFrameworksBuildPhase section */

/* Begin PBXGroup section */
		EAB3CFDC19FCD29100FC0234 = {
			isa = PBXGroup;
			children = (
				EAB3CFE719FCD29100FC0234 /* Postcard */,
				EAB3CFFD19FCD29100FC0234 /* PostcardTests */,
				EAB3CFE619FCD29100FC0234 /* Products */,
			);
			sourceTree = "<group>";
		};
		EAB3CFE619FCD29100FC0234 /* Products */ = {
			isa = PBXGroup;
			children = (
				EAB3CFE519FCD29100FC0234 /* Postcard.app */,
				EAB3CFFA19FCD29100FC0234 /* PostcardTests.xctest */,
			);
			name = Products;
			sourceTree = "<group>";
		};
		EAB3CFE719FCD29100FC0234 /* Postcard */ = {
			isa = PBXGroup;
			children = (
				EAB3CFEA19FCD29100FC0234 /* AppDelegate.swift */,
				EAB3CFEC19FCD29100FC0234 /* ViewController.swift */,
				EAB3CFEE19FCD29100FC0234 /* Main.storyboard */,
				EAB3CFF119FCD29100FC0234 /* Images.xcassets */,
				EAB3CFF319FCD29100FC0234 /* LaunchScreen.xib */,
				EAB3CFE819FCD29100FC0234 /* Supporting Files */,
			);
			path = Postcard;
			sourceTree = "<group>";
		};
		EAB3CFE819FCD29100FC0234 /* Supporting Files */ = {
			isa = PBXGroup;
			children = (
				EAB3CFE919FCD29100FC0234 /* Info.plist */,
			);
			name = "Supporting Files";
			sourceTree = "<group>";
		};
		EAB3CFFD19FCD29100FC0234 /* PostcardTests */ = {
			isa = PBXGroup;
			children = (
				EAB3D00019FCD29100FC0234 /* PostcardTests.swift */,
				EAB3CFFE19FCD29100FC0234 /* Supporting Files */,
			);
			path = PostcardTests;
			sourceTree = "<group>";
		};
		EAB3CFFE19FCD29100FC0234 /* Supporting Files */ = {
			isa = PBXGroup;
			children = (
				EAB3CFFF19FCD29100FC0234 /* Info.plist */,
			);
			name = "Supporting Files";
			sourceTree = "<group>";
		};
/* End PBXGroup section */

/* Begin PBXNativeTarget section */
		EAB3CFE419FCD29100FC0234 /* Postcard */ = {
			isa = PBXNativeTarget;
			buildConfigurationList = EAB3D00419FCD29100FC0234 /* Build configuration list for PBXNativeTarget "Postcard" */;
			buildPhases = (
				EAB3CFE119FCD29100FC0234 /* Sources */,
				EAB3CFE219FCD29100FC0234 /* Frameworks */,
				EAB3CFE319FCD29100FC0234 /* Resources */,
			);
			buildRules = (
			);
			dependencies = (
			);
			name = Postcard;
			productName = Postcard;
			productReference = EAB3CFE519FCD29100FC0234 /* Postcard.app */;
			productType = "com.apple.product-type.application";
		};
		EAB3CFF919FCD29100FC0234 /* PostcardTests */ = {
			isa = PBXNativeTarget;
			buildConfigurationList = EAB3D00719FCD29100FC0234 /* Build configuration list for PBXNativeTarget "PostcardTests" */;
			buildPhases = (
				EAB3CFF619FCD29100FC0234 /* Sources */,
				EAB3CFF719FCD29100FC0234 /* Frameworks */,
				EAB3CFF819FCD29100FC0234 /* Resources */,
			);
			buildRules = (
			);
			dependencies = (
				EAB3CFFC19FCD29100FC0234 /* PBXTargetDependency */,
			);
			name = PostcardTests;
			productName = PostcardTests;
			productReference = EAB3CFFA19FCD29100FC0234 /* PostcardTests.xctest */;
			productType = "com.apple.product-type.bundle.unit-test";
		};
/* End PBXNativeTarget section */

/* Begin PBXProject section */
		EAB3CFDD19FCD29100FC0234 /* Project object */ = {
			isa = PBXProject;
			attributes = {
				LastUpgradeCheck = 0610;
				ORGANIZATIONNAME = "Tony Hearty";
				TargetAttributes = {
					EAB3CFE419FCD29100FC0234 = {
						CreatedOnToolsVersion = 6.1;
					};
					EAB3CFF919FCD29100FC0234 = {
						CreatedOnToolsVersion = 6.1;
						TestTargetID = EAB3CFE419FCD29100FC0234;
					};
				};
			};
			buildConfigurationList = EAB3CFE019FCD29100FC0234 /* Build configuration list for PBXProject "Postcard" */;
			compatibilityVersion = "Xcode 3.2";
			developmentRegion = English;
			hasScannedForEncodings = 0;
			knownRegions = (
				en,
				Base,
			);
			mainGroup = EAB3CFDC19FCD29100FC0234;
			productRefGroup = EAB3CFE619FCD29100FC0234 /* Products */;
			projectDirPath = "";
			projectRoot = "";
			targets = (
				EAB3CFE419FCD29100FC0234 /* Postcard */,
				EAB3CFF919FCD29100FC0234 /* PostcardTests */,
			);
		};
/* End PBXProject section */

/* Begin PBXResourcesBuildPhase section */
		EAB3CFE319FCD29100FC0234 /* Resources */ = {
			isa = PBXResourcesBuildPhase;
			buildActionMask = 2147483647;
			files = (
				EAB3CFF019FCD29100FC0234 /* Main.storyboard in Resources */,
				EAB3CFF519FCD29100FC0234 /* LaunchScreen.xib in Resources */,
				EAB3CFF219FCD29100FC0234 /* Images.xcassets in Resources */,
			);
			runOnlyForDeploymentPostprocessing = 0;
		};
		EAB3CFF819FCD29100FC0234 /* Resources */ = {
			isa = PBXResourcesBuildPhase;
			buildActionMask = 2147483647;
			files = (
			);
			runOnlyForDeploymentPostprocessing = 0;
		};
/* End PBXResourcesBuildPhase section */

/* Begin PBXSourcesBuildPhase section */
		EAB3CFE119FCD29100FC0234 /* Sources */ = {
			isa = PBXSourcesBuildPhase;
			buildActionMask = 2147483647;
			files = (
				EAB3CFED19FCD29100FC0234 /* ViewController.swift in Sources */,
				EAB3CFEB19FCD29100FC0234 /* AppDelegate.swift in Sources */,
			);
			runOnlyForDeploymentPostprocessing = 0;
		};
		EAB3CFF619FCD29100FC0234 /* Sources */ = {
			isa = PBXSourcesBuildPhase;
			buildActionMask = 2147483647;
			files = (
				EAB3D00119FCD29100FC0234 /* PostcardTests.swift in Sources */,
			);
			runOnlyForDeploymentPostprocessing = 0;
		};
/* End PBXSourcesBuildPhase section */

/* Begin PBXTargetDependency section */
		EAB3CFFC19FCD29100FC0234 /* PBXTargetDependency */ = {
			isa = PBXTargetDependency;
			target = EAB3CFE419FCD29100FC0234 /* Postcard */;
			targetProxy = EAB3CFFB19FCD29100FC0234 /* PBXContainerItemProxy */;
		};
/* End PBXTargetDependency section */

/* Begin PBXVariantGroup section */
		EAB3CFEE19FCD29100FC0234 /* Main.storyboard */ = {
			isa = PBXVariantGroup;
			children = (
				EAB3CFEF19FCD29100FC0234 /* Base */,
			);
			name = Main.storyboard;
			sourceTree = "<group>";
		};
		EAB3CFF319FCD29100FC0234 /* LaunchScreen.xib */ = {
			isa = PBXVariantGroup;
			children = (
				EAB3CFF419FCD29100FC0234 /* Base */,
			);
			name = LaunchScreen.xib;
			sourceTree = "<group>";
		};
/* End PBXVariantGroup section */

/* Begin XCBuildConfiguration section */
		EAB3D00219FCD29100FC0234 /* Debug */ = {
			isa = XCBuildConfiguration;
			buildSettings = {
				ALWAYS_SEARCH_USER_PATHS = NO;
				CLANG_CXX_LANGUAGE_STANDARD = "gnu++0x";
				CLANG_CXX_LIBRARY = "libc++";
				CLANG_ENABLE_MODULES = YES;
				CLANG_ENABLE_OBJC_ARC = YES;
				CLANG_WARN_BOOL_CONVERSION = YES;
				CLANG_WARN_CONSTANT_CONVERSION = YES;
				CLANG_WARN_DIRECT_OBJC_ISA_USAGE = YES_ERROR;
				CLANG_WARN_EMPTY_BODY = YES;
				CLANG_WARN_ENUM_CONVERSION = YES;
				CLANG_WARN_INT_CONVERSION = YES;
				CLANG_WARN_OBJC_ROOT_CLASS = YES_ERROR;
				CLANG_WARN_UNREACHABLE_CODE = YES;
				CLANG_WARN__DUPLICATE_METHOD_MATCH = YES;
				"CODE_SIGN_IDENTITY[sdk=iphoneos*]" = "iPhone Developer";
				COPY_PHASE_STRIP = NO;
				ENABLE_STRICT_OBJC_MSGSEND = YES;
				GCC_C_LANGUAGE_STANDARD = gnu99;
				GCC_DYNAMIC_NO_PIC = NO;
				GCC_OPTIMIZATION_LEVEL = 0;
				GCC_PREPROCESSOR_DEFINITIONS = (
					"DEBUG=1",
					"$(inherited)",
				);
				GCC_SYMBOLS_PRIVATE_EXTERN = NO;
				GCC_WARN_64_TO_32_BIT_CONVERSION = YES;
				GCC_WARN_ABOUT_RETURN_TYPE = YES_ERROR;
				GCC_WARN_UNDECLARED_SELECTOR = YES;
				GCC_WARN_UNINITIALIZED_AUTOS = YES_AGGRESSIVE;
				GCC_WARN_UNUSED_FUNCTION = YES;
				GCC_WARN_UNUSED_VARIABLE = YES;
				IPHONEOS_DEPLOYMENT_TARGET = 8.1;
				MTL_ENABLE_DEBUG_INFO = YES;
				ONLY_ACTIVE_ARCH = YES;
				SDKROOT = iphoneos;
				SWIFT_OPTIMIZATION_LEVEL = "-Onone";
				TARGETED_DEVICE_FAMILY = "1,2";
			};
			name = Debug;
		};
		EAB3D00319FCD29100FC0234 /* Release */ = {
			isa = XCBuildConfiguration;
			buildSettings = {
				ALWAYS_SEARCH_USER_PATHS = NO;
				CLANG_CXX_LANGUAGE_STANDARD = "gnu++0x";
				CLANG_CXX_LIBRARY = "libc++";
				CLANG_ENABLE_MODULES = YES;
				CLANG_ENABLE_OBJC_ARC = YES;
				CLANG_WARN_BOOL_CONVERSION = YES;
				CLANG_WARN_CONSTANT_CONVERSION = YES;
				CLANG_WARN_DIRECT_OBJC_ISA_USAGE = YES_ERROR;
				CLANG_WARN_EMPTY_BODY = YES;
				CLANG_WARN_ENUM_CONVERSION = YES;
				CLANG_WARN_INT_CONVERSION = YES;
				CLANG_WARN_OBJC_ROOT_CLASS = YES_ERROR;
				CLANG_WARN_UNREACHABLE_CODE = YES;
				CLANG_WARN__DUPLICATE_METHOD_MATCH = YES;
				"CODE_SIGN_IDENTITY[sdk=iphoneos*]" = "iPhone Developer";
				COPY_PHASE_STRIP = YES;
				ENABLE_NS_ASSERTIONS = NO;
				ENABLE_STRICT_OBJC_MSGSEND = YES;
				GCC_C_LANGUAGE_STANDARD = gnu99;
				GCC_WARN_64_TO_32_BIT_CONVERSION = YES;
				GCC_WARN_ABOUT_RETURN_TYPE = YES_ERROR;
				GCC_WARN_UNDECLARED_SELECTOR = YES;
				GCC_WARN_UNINITIALIZED_AUTOS = YES_AGGRESSIVE;
				GCC_WARN_UNUSED_FUNCTION = YES;
				GCC_WARN_UNUSED_VARIABLE = YES;
				IPHONEOS_DEPLOYMENT_TARGET = 8.1;
				MTL_ENABLE_DEBUG_INFO = NO;
				SDKROOT = iphoneos;
				TARGETED_DEVICE_FAMILY = "1,2";
				VALIDATE_PRODUCT = YES;
			};
			name = Release;
		};
		EAB3D00519FCD29100FC0234 /* Debug */ = {
			isa = XCBuildConfiguration;
			buildSettings = {
				ASSETCATALOG_COMPILER_APPICON_NAME = AppIcon;
				INFOPLIST_FILE = Postcard/Info.plist;
				LD_RUNPATH_SEARCH_PATHS = "$(inherited) @executable_path/Frameworks";
				PRODUCT_NAME = "$(TARGET_NAME)";
			};
			name = Debug;
		};
		EAB3D00619FCD29100FC0234 /* Release */ = {
			isa = XCBuildConfiguration;
			buildSettings = {
				ASSETCATALOG_COMPILER_APPICON_NAME = AppIcon;
				INFOPLIST_FILE = Postcard/Info.plist;
				LD_RUNPATH_SEARCH_PATHS = "$(inherited) @executable_path/Frameworks";
				PRODUCT_NAME = "$(TARGET_NAME)";
			};
			name = Release;
		};
		EAB3D00819FCD29100FC0234 /* Debug */ = {
			isa = XCBuildConfiguration;
			buildSettings = {
				BUNDLE_LOADER = "$(TEST_HOST)";
				FRAMEWORK_SEARCH_PATHS = (
					"$(SDKROOT)/Developer/Library/Frameworks",
					"$(inherited)",
				);
				GCC_PREPROCESSOR_DEFINITIONS = (
					"DEBUG=1",
					"$(inherited)",
				);
				INFOPLIST_FILE = PostcardTests/Info.plist;
				LD_RUNPATH_SEARCH_PATHS = "$(inherited) @executable_path/Frameworks @loader_path/Frameworks";
				PRODUCT_NAME = "$(TARGET_NAME)";
				TEST_HOST = "$(BUILT_PRODUCTS_DIR)/Postcard.app/Postcard";
			};
			name = Debug;
		};
		EAB3D00919FCD29100FC0234 /* Release */ = {
			isa = XCBuildConfiguration;
			buildSettings = {
				BUNDLE_LOADER = "$(TEST_HOST)";
				FRAMEWORK_SEARCH_PATHS = (
					"$(SDKROOT)/Developer/Library/Frameworks",
					"$(inherited)",
				);
				INFOPLIST_FILE = PostcardTests/Info.plist;
				LD_RUNPATH_SEARCH_PATHS = "$(inherited) @executable_path/Frameworks @loader_path/Frameworks";
				PRODUCT_NAME = "$(TARGET_NAME)";
				TEST_HOST = "$(BUILT_PRODUCTS_DIR)/Postcard.app/Postcard";
			};
			name = Release;
		};
/* End XCBuildConfiguration section */

/* Begin XCConfigurationList section */
		EAB3CFE019FCD29100FC0234 /* Build configuration list for PBXProject "Postcard" */ = {
			isa = XCConfigurationList;
			buildConfigurations = (
				EAB3D00219FCD29100FC0234 /* Debug */,
				EAB3D00319FCD29100FC0234 /* Release */,
			);
			defaultConfigurationIsVisible = 0;
			defaultConfigurationName = Release;
		};
		EAB3D00419FCD29100FC0234 /* Build configuration list for PBXNativeTarget "Postcard" */ = {
			isa = XCConfigurationList;
			buildConfigurations = (
				EAB3D00519FCD29100FC0234 /* Debug */,
				EAB3D00619FCD29100FC0234 /* Release */,
			);
			defaultConfigurationIsVisible = 0;
		};
		EAB3D00719FCD29100FC0234 /* Build configuration list for PBXNativeTarget "PostcardTests" */ = {
			isa = XCConfigurationList;
			buildConfigurations = (
				EAB3D00819FCD29100FC0234 /* Debug */,
				EAB3D00919FCD29100FC0234 /* Release */,
			);
			defaultConfigurationIsVisible = 0;
		};
/* End XCConfigurationList section */
	};
	rootObject = EAB3CFDD19FCD29100FC0234 /* Project object */;
}
